
Microsoft Visual Studio Solution File, Format Version 12.00
# Visual Studio Version 17
VisualStudioVersion = 17.5.33530.505
MinimumVisualStudioVersion = 10.0.40219.1
Project("{FAE04EC0-301F-11D3-BF4B-00C04F79EFBC}") = "MatterAssignment.WebAPI", "MatterAssignment.WebAPI\MatterAssignment.WebAPI.csproj", "{F7B36A88-2240-40BE-A8F7-E64325A4181B}"
EndProject
Project("{FAE04EC0-301F-11D3-BF4B-00C04F79EFBC}") = "MatterAssignment.Data", "MatterAssignment.Data\MatterAssignment.Data.csproj", "{5E2036FE-3040-456B-AAFF-AAF91A2B1A53}"
EndProject
Project("{FAE04EC0-301F-11D3-BF4B-00C04F79EFBC}") = "MatterAssignment.Services", "MatterAssignment.Services\MatterAssignment.Services.csproj", "{89F6C677-C800-4219-9147-6E11C2F0A628}"
EndProject
Global
	GlobalSection(SolutionConfigurationPlatforms) = preSolution
		Debug|Any CPU = Debug|Any CPU
		Release|Any CPU = Release|Any CPU
	EndGlobalSection
	GlobalSection(ProjectConfigurationPlatforms) = postSolution
		{F7B36A88-2240-40BE-A8F7-E64325A4181B}.Debug|Any CPU.ActiveCfg = Debug|Any CPU
		{F7B36A88-2240-40BE-A8F7-E64325A4181B}.Debug|Any CPU.Build.0 = Debug|Any CPU
		{F7B36A88-2240-40BE-A8F7-E64325A4181B}.Release|Any CPU.ActiveCfg = Release|Any CPU
		{F7B36A88-2240-40BE-A8F7-E64325A4181B}.Release|Any CPU.Build.0 = Release|Any CPU
		{5E2036FE-3040-456B-AAFF-AAF91A2B1A53}.Debug|Any CPU.ActiveCfg = Debug|Any CPU
		{5E2036FE-3040-456B-AAFF-AAF91A2B1A53}.Debug|Any CPU.Build.0 = Debug|Any CPU
		{5E2036FE-3040-456B-AAFF-AAF91A2B1A53}.Release|Any CPU.ActiveCfg = Release|Any CPU
		{5E2036FE-3040-456B-AAFF-AAF91A2B1A53}.Release|Any CPU.Build.0 = Release|Any CPU
		{89F6C677-C800-4219-9147-6E11C2F0A628}.Debug|Any CPU.ActiveCfg = Debug|Any CPU
		{89F6C677-C800-4219-9147-6E11C2F0A628}.Debug|Any CPU.Build.0 = Debug|Any CPU
		{89F6C677-C800-4219-9147-6E11C2F0A628}.Release|Any CPU.ActiveCfg = Release|Any CPU
		{89F6C677-C800-4219-9147-6E11C2F0A628}.Release|Any CPU.Build.0 = Release|Any CPU
	EndGlobalSection
	GlobalSection(SolutionProperties) = preSolution
		HideSolutionNode = FALSE
	EndGlobalSection
	GlobalSection(ExtensibilityGlobals) = postSolution
		SolutionGuid = {0FF29323-C056-4FB9-AFCF-9F539D1C601E}
	EndGlobalSection
EndGlobal
